
Microsoft Visual Studio Solution File, Format Version 12.00
# Visual Studio 2013
VisualStudioVersion = 12.0.31101.0
MinimumVisualStudioVersion = 10.0.40219.1
Project("{FAE04EC0-301F-11D3-BF4B-00C04F79EFBC}") = "NS.SemiTrucker", "NS.SemiTrucker\NS.SemiTrucker.csproj", "{11A77711-4ECB-44FB-9922-A47AC79186CC}"
EndProject
Project("{FAE04EC0-301F-11D3-BF4B-00C04F79EFBC}") = "NS.Common", "NS.Common\NS.Common.csproj", "{A94EFBFD-8779-4604-ABA8-0DCF5F0DDAE4}"
EndProject
Global
	GlobalSection(SolutionConfigurationPlatforms) = preSolution
		Debug|Any CPU = Debug|Any CPU
		Release|Any CPU = Release|Any CPU
	EndGlobalSection
	GlobalSection(ProjectConfigurationPlatforms) = postSolution
		{11A77711-4ECB-44FB-9922-A47AC79186CC}.Debug|Any CPU.ActiveCfg = Debug|Any CPU
		{11A77711-4ECB-44FB-9922-A47AC79186CC}.Debug|Any CPU.Build.0 = Debug|Any CPU
		{11A77711-4ECB-44FB-9922-A47AC79186CC}.Release|Any CPU.ActiveCfg = Release|Any CPU
		{11A77711-4ECB-44FB-9922-A47AC79186CC}.Release|Any CPU.Build.0 = Release|Any CPU
		{A94EFBFD-8779-4604-ABA8-0DCF5F0DDAE4}.Debug|Any CPU.ActiveCfg = Debug|Any CPU
		{A94EFBFD-8779-4604-ABA8-0DCF5F0DDAE4}.Debug|Any CPU.Build.0 = Debug|Any CPU
		{A94EFBFD-8779-4604-ABA8-0DCF5F0DDAE4}.Release|Any CPU.ActiveCfg = Release|Any CPU
		{A94EFBFD-8779-4604-ABA8-0DCF5F0DDAE4}.Release|Any CPU.Build.0 = Release|Any CPU
	EndGlobalSection
	GlobalSection(SolutionProperties) = preSolution
		HideSolutionNode = FALSE
	EndGlobalSection
EndGlobal
